
Microsoft Visual Studio Solution File, Format Version 10.00
# Visual C++ Express 2008
Project("{8BC9CEB8-8B4A-11D0-8D11-00A0C91BC942}") = "examine", "examine.vcproj", "{76535FF9-FC91-4B75-AB77-A0DBEC681858}"
EndProject
Project("{8BC9CEB8-8B4A-11D0-8D11-00A0C91BC942}") = "examine_dll", "examine_dll.vcproj", "{ACA03244-B1A5-4779-A0AB-A662C26B6806}"
EndProject
Project("{8BC9CEB8-8B4A-11D0-8D11-00A0C91BC942}") = "examine_test", "examine_test.vcproj", "{EF4FD92C-1CD0-49FA-936B-D78961B73915}"
	ProjectSection(ProjectDependencies) = postProject
		{76535FF9-FC91-4B75-AB77-A0DBEC681858} = {76535FF9-FC91-4B75-AB77-A0DBEC681858}
	EndProjectSection
EndProject
Global
	GlobalSection(SolutionConfigurationPlatforms) = preSolution
		Debug|Win32 = Debug|Win32
		Release|Win32 = Release|Win32
	EndGlobalSection
	GlobalSection(ProjectConfigurationPlatforms) = postSolution
		{76535FF9-FC91-4B75-AB77-A0DBEC681858}.Debug|Win32.ActiveCfg = Debug|Win32
		{76535FF9-FC91-4B75-AB77-A0DBEC681858}.Debug|Win32.Build.0 = Debug|Win32
		{76535FF9-FC91-4B75-AB77-A0DBEC681858}.Release|Win32.ActiveCfg = Release|Win32
		{76535FF9-FC91-4B75-AB77-A0DBEC681858}.Release|Win32.Build.0 = Release|Win32
		{ACA03244-B1A5-4779-A0AB-A662C26B6806}.Debug|Win32.ActiveCfg = Debug|Win32
		{ACA03244-B1A5-4779-A0AB-A662C26B6806}.Debug|Win32.Build.0 = Debug|Win32
		{ACA03244-B1A5-4779-A0AB-A662C26B6806}.Release|Win32.ActiveCfg = Release|Win32
		{ACA03244-B1A5-4779-A0AB-A662C26B6806}.Release|Win32.Build.0 = Release|Win32
		{EF4FD92C-1CD0-49FA-936B-D78961B73915}.Debug|Win32.ActiveCfg = Debug|Win32
		{EF4FD92C-1CD0-49FA-936B-D78961B73915}.Debug|Win32.Build.0 = Debug|Win32
		{EF4FD92C-1CD0-49FA-936B-D78961B73915}.Release|Win32.ActiveCfg = Release|Win32
		{EF4FD92C-1CD0-49FA-936B-D78961B73915}.Release|Win32.Build.0 = Release|Win32
	EndGlobalSection
	GlobalSection(SolutionProperties) = preSolution
		HideSolutionNode = FALSE
	EndGlobalSection
EndGlobal
